github.com/google/uuid v1.3.0 h1:t6JiXgmwXMjEs8VusXIJk2BXHsn+wx8BZdTaoZ5fu7I=
github.com/google/uuid v1.3.0/go.mod h1:TIyPZe4MgqvfeYDBFedMoGGpEw/LqOeaOT+nhxU+yHo=
github.com/gorilla/mux v1.8.0 h1:i40aqfkR1h2SlN9hojwV5ZA91wcXFOvkdNIeFDP5koI=
github.com/gorilla/mux v1.8.0/go.mod h1:DVbg23sWSpFRCP0SfiEN6jmj59UnW/n46BH5rLB71So=
github.com/gorilla/websocket v1.5.0 h1:PPwGk2jz7EePpoHN/+ClbZu8SPxiqlu12wZP/3sWmnc=
github.com/gorilla/websocket v1.5.0/go.mod h1:YR8l580nyteQvAITg2hZ9XVh4b55+EU/adAjf1fMHhE=
github.com/joho/godotenv v1.5.1 h1:7eLL/+HRGLY0ldzfGMeQkb7vMd0as4CfYvUVzLqw0N0=
github.com/joho/godotenv v1.5.1/go.mod h1:f4LDr5Voq0i2e/R5DDNOoa2zzDfwtkZa6DnEwAbqwq4=
github.com/line/line-bot-sdk-go/v7 v7.19.0 h1:WEbuBBSq65RMMqTn3vIl+Eb4wv2CjhZz7kiw8XTk2Wg=
github.com/line/line-bot-sdk-go/v7 v7.19.0/go.mod h1:idpoxOZgtSd8JyhctMMpwg5LNgRAIL/QIxa5S0DXcMg=
github.com/sashabaranov/go-openai v1.5.2 h1:Gtn5HZEL25//rDDLEX+Anw5FI8TUC6gqIeM9BDBOO18=
github.com/sashabaranov/go-openai v1.5.2/go.mod h1:lj5b/K+zjTSFxVLijLSTDZuP7adOgerWeFyZLUhAKRg=
github.com/satori/go.uuid v1.2.0 h1:0uYX9dsZ2yD7q2RtLRtPSdGDWzjeM3TbMJP9utgA0ww=
github.com/satori/go.uuid v1.2.0/go.mod h1:dA0hQrYB0VpLJoorglMZABFdXlWrHn1NEOzdhQKdks0=
github.com/surrealdb/surrealdb.go v0.1.1 h1:epKUlJkiTvFNpyKqsvUq7R68RmECDgmEljL2rC/k7DM=
github.com/surrealdb/surrealdb.go v0.1.1/go.mod h1:yUzNdTcM/+Djnw7hWuWdJMo3ehN/3yKYllxUeVeU4Zg=
github.com/surrealdb/surrealdb.go v0.1.2-0.20230309175011-e0397e60fdc8 h1:CtGN7xtYXyNTvCDIQVw/HZiTBizxpC401DjAs38YrZE=
github.com/surrealdb/surrealdb.go v0.1.2-0.20230309175011-e0397e60fdc8/go.mod h1:CloW70O49xyVO/rGO9cAZ62FEbl0/hreRHEJuamnndQ=
